
Microsoft Visual Studio Solution File, Format Version 12.00
# Visual Studio Version 16
VisualStudioVersion = 16.0.28803.202
MinimumVisualStudioVersion = 10.0.40219.1
Project("{9A19103F-16F7-4668-BE54-9A1E7A4F7556}") = "VStancer.Client", "VStancer.Client\VStancer.Client.csproj", "{5CB92879-4500-47FC-BD3E-FE29369A621D}"
EndProject
Project("{2150E333-8FDC-42A3-9474-1A3956D46DE8}") = "Solution Items", "Solution Items", "{886C4B07-F58C-4E89-A80F-849679435A18}"
	ProjectSection(SolutionItems) = preProject
		dist\config.json = dist\config.json
		dist\fxmanifest.lua = dist\fxmanifest.lua
		LICENSE = LICENSE
		postbuild.bat = postbuild.bat
		README.md = README.md
	EndProjectSection
EndProject
Global
	GlobalSection(SolutionConfigurationPlatforms) = preSolution
		Debug|Any CPU = Debug|Any CPU
		Release|Any CPU = Release|Any CPU
	EndGlobalSection
	GlobalSection(ProjectConfigurationPlatforms) = postSolution
		{5CB92879-4500-47FC-BD3E-FE29369A621D}.Debug|Any CPU.ActiveCfg = Debug|Any CPU
		{5CB92879-4500-47FC-BD3E-FE29369A621D}.Debug|Any CPU.Build.0 = Debug|Any CPU
		{5CB92879-4500-47FC-BD3E-FE29369A621D}.Release|Any CPU.ActiveCfg = Release|Any CPU
		{5CB92879-4500-47FC-BD3E-FE29369A621D}.Release|Any CPU.Build.0 = Release|Any CPU
	EndGlobalSection
	GlobalSection(SolutionProperties) = preSolution
		HideSolutionNode = FALSE
	EndGlobalSection
	GlobalSection(ExtensibilityGlobals) = postSolution
		SolutionGuid = {54D7AD38-2888-40D9-B4A0-9A235A76D85E}
	EndGlobalSection
EndGlobal
